
Microsoft Visual Studio Solution File, Format Version 12.00
# Visual Studio 15
VisualStudioVersion = 15.0.27428.1
MinimumVisualStudioVersion = 10.0.40219.1
Project("{FAE04EC0-301F-11D3-BF4B-00C04F79EFBC}") = "Publisher", "Publisher\Publisher.csproj", "{652B455A-6BB5-4DB6-B8ED-38961AF2FF14}"
EndProject
Global
	GlobalSection(SolutionConfigurationPlatforms) = preSolution
		Debug|Any CPU = Debug|Any CPU
		Release|Any CPU = Release|Any CPU
	EndGlobalSection
	GlobalSection(ProjectConfigurationPlatforms) = postSolution
		{652B455A-6BB5-4DB6-B8ED-38961AF2FF14}.Debug|Any CPU.ActiveCfg = Debug|Any CPU
		{652B455A-6BB5-4DB6-B8ED-38961AF2FF14}.Debug|Any CPU.Build.0 = Debug|Any CPU
		{652B455A-6BB5-4DB6-B8ED-38961AF2FF14}.Release|Any CPU.ActiveCfg = Release|Any CPU
		{652B455A-6BB5-4DB6-B8ED-38961AF2FF14}.Release|Any CPU.Build.0 = Release|Any CPU
	EndGlobalSection
	GlobalSection(SolutionProperties) = preSolution
		HideSolutionNode = FALSE
	EndGlobalSection
	GlobalSection(ExtensibilityGlobals) = postSolution
		SolutionGuid = {1C2DEB0B-D4A7-40DE-A70E-68161421D61B}
	EndGlobalSection
EndGlobal
